<?xml version="1.0" encoding="utf-8"?>
<Project ToolsVersion="4.0" xmlns="http://schemas.microsoft.com/developer/msbuild/2003">
  <ItemGroup>
    <Filter Include="ソース ファイル">
      <UniqueIdentifier>{4FC737F1-C7A5-4376-A066-2A32D752A2FF}</UniqueIdentifier>
      <Extensions>cpp;c;cc;cxx;c++;cppm;ixx;def;odl;idl;hpj;bat;asm;asmx</Extensions>
    </Filter>
    <Filter Include="ヘッダー ファイル">
      <UniqueIdentifier>{93995380-89BD-4b04-88EB-625FBE52EBFB}</UniqueIdentifier>
      <Extensions>h;hh;hpp;hxx;h++;hm;inl;inc;ipp;xsd</Extensions>
    </Filter>
    <Filter Include="リソース ファイル">
      <UniqueIdentifier>{67DA6AB6-F800-4c08-8B7A-83BB121AAD01}</UniqueIdentifier>
      <Extensions>rc;ico;cur;bmp;dlg;rc2;rct;bin;rgs;gif;jpg;jpeg;jpe;resx;tiff;tif;png;wav;mfcribbon-ms</Extensions>
    </Filter>
    <Filter Include="ソース ファイル\base">
      <UniqueIdentifier>{f5dbdd75-46e4-4130-bbc7-723c10cfda7c}</UniqueIdentifier>
    </Filter>
    <Filter Include="ヘッダー ファイル\base">
      <UniqueIdentifier>{1bcf59ac-cd26-4d90-b2cb-0636772693f4}</UniqueIdentifier>
    </Filter>
    <Filter Include="リソース ファイル\Shaders">
      <UniqueIdentifier>{09be63ff-a021-4247-9150-a7f9892d62e2}</UniqueIdentifier>
    </Filter>
    <Filter Include="リソース ファイル\Shaders\FbxShader">
      <UniqueIdentifier>{4b5dab08-afef-49cc-b296-af213c7bc157}</UniqueIdentifier>
    </Filter>
    <Filter Include="リソース ファイル\Shaders\OBJShader">
      <UniqueIdentifier>{ee3ba699-408e-4d48-b695-83f4d720ae17}</UniqueIdentifier>
    </Filter>
    <Filter Include="リソース ファイル\Shaders\ParticleShader">
      <UniqueIdentifier>{9fc72b5c-7b72-4c50-a0d5-fa22a87ea9cb}</UniqueIdentifier>
    </Filter>
    <Filter Include="リソース ファイル\Shaders\SpriteShader">
      <UniqueIdentifier>{68e2456c-3c29-4446-922d-dbfc2ef37385}</UniqueIdentifier>
    </Filter>
    <Filter Include="リソース ファイル\Shaders\Shader">
      <UniqueIdentifier>{6da236c3-6d7c-4c2d-9e98-1565aa0a904d}</UniqueIdentifier>
    </Filter>
    <Filter Include="ヘッダー ファイル\gameObject">
      <UniqueIdentifier>{22084622-2b87-464b-8579-fd378c4e3508}</UniqueIdentifier>
    </Filter>
    <Filter Include="ヘッダー ファイル\gameObject\math">
      <UniqueIdentifier>{ce9fa00d-3996-40f1-9108-114d1eff73a6}</UniqueIdentifier>
    </Filter>
    <Filter Include="ソース ファイル\gameObject">
      <UniqueIdentifier>{7eb61227-b573-4f42-ade4-d543f3627909}</UniqueIdentifier>
    </Filter>
    <Filter Include="ヘッダー ファイル\base\3D">
      <UniqueIdentifier>{f0483528-f78a-4c0b-a329-f4bdeac3fadb}</UniqueIdentifier>
    </Filter>
    <Filter Include="ヘッダー ファイル\base\3D\fbx">
      <UniqueIdentifier>{09c18d0b-caf8-4675-b36f-c363b92d1f00}</UniqueIdentifier>
    </Filter>
    <Filter Include="ヘッダー ファイル\base\math">
      <UniqueIdentifier>{f63a18f9-c7e6-472f-8724-b4d1e91280b5}</UniqueIdentifier>
    </Filter>
    <Filter Include="ソース ファイル\base\3D">
      <UniqueIdentifier>{9435ab47-2e46-460e-9ac2-8ad899992ec4}</UniqueIdentifier>
    </Filter>
    <Filter Include="ソース ファイル\base\3D\fbx">
      <UniqueIdentifier>{91875b7a-90ff-4946-bc1a-31d1bfa6f0dc}</UniqueIdentifier>
    </Filter>
  </ItemGroup>
  <ItemGroup>
    <ClCompile Include="base\DirectXCommon.cpp">
      <Filter>ソース ファイル\base</Filter>
    </ClCompile>
    <ClCompile Include="base\FPS.cpp">
      <Filter>ソース ファイル\base</Filter>
    </ClCompile>
    <ClCompile Include="base\Input.cpp">
      <Filter>ソース ファイル\base</Filter>
    </ClCompile>
    <ClCompile Include="base\Message.cpp">
      <Filter>ソース ファイル\base</Filter>
    </ClCompile>
    <ClCompile Include="base\WinApp.cpp">
      <Filter>ソース ファイル\base</Filter>
    </ClCompile>
    <ClCompile Include="base\DXInput.cpp">
      <Filter>ソース ファイル\base</Filter>
    </ClCompile>
    <ClCompile Include="fbx\FbxLoader.cpp">
      <Filter>ソース ファイル\base\3D\fbx</Filter>
    </ClCompile>
    <ClCompile Include="fbx\FbxModel.cpp">
      <Filter>ソース ファイル\base\3D\fbx</Filter>
    </ClCompile>
    <ClCompile Include="fbx\FbxObject3D.cpp">
      <Filter>ソース ファイル\base\3D\fbx</Filter>
    </ClCompile>
    <ClCompile Include="math\Math2.cpp">
      <Filter>ヘッダー ファイル\gameObject\math</Filter>
    </ClCompile>
    <ClCompile Include="math\Matrix4.cpp">
      <Filter>ヘッダー ファイル\gameObject\math</Filter>
    </ClCompile>
    <ClCompile Include="math\Quaternion.cpp">
      <Filter>ヘッダー ファイル\gameObject\math</Filter>
    </ClCompile>
    <ClCompile Include="math\Vector3.cpp">
      <Filter>ヘッダー ファイル\gameObject\math</Filter>
    </ClCompile>
    <ClCompile Include="base\Sprite.cpp">
      <Filter>ソース ファイル\base</Filter>
    </ClCompile>
    <ClCompile Include="Application\TitleManager.cpp">
      <Filter>ソース ファイル\gameObject</Filter>
    </ClCompile>
    <ClCompile Include="Application\Spline.cpp">
      <Filter>ソース ファイル\gameObject</Filter>
    </ClCompile>
    <ClCompile Include="Application\RailCamera.cpp">
      <Filter>ソース ファイル\gameObject</Filter>
    </ClCompile>
    <ClCompile Include="Application\PlayerBullet.cpp">
      <Filter>ソース ファイル\gameObject</Filter>
    </ClCompile>
    <ClCompile Include="Application\Player.cpp">
      <Filter>ソース ファイル\gameObject</Filter>
    </ClCompile>
    <ClCompile Include="Application\GameScene.cpp">
      <Filter>ソース ファイル\gameObject</Filter>
    </ClCompile>
    <ClCompile Include="base\main.cpp">
      <Filter>ソース ファイル\base</Filter>
    </ClCompile>
    <ClCompile Include="base\JsonLoader.cpp">
      <Filter>ソース ファイル\base</Filter>
    </ClCompile>
    <ClCompile Include="base\ImGuiManager.cpp">
      <Filter>ソース ファイル\base</Filter>
    </ClCompile>
    <ClCompile Include="base\CircleShadow.cpp">
      <Filter>ソース ファイル\base</Filter>
    </ClCompile>
    <ClCompile Include="base\AudioManager.cpp">
      <Filter>ソース ファイル\base</Filter>
    </ClCompile>
    <ClCompile Include="base\MathFunc.cpp">
      <Filter>ヘッダー ファイル\gameObject\math</Filter>
    </ClCompile>
    <ClCompile Include="base\3D\Collision.cpp">
      <Filter>ソース ファイル\base\3D</Filter>
    </ClCompile>
    <ClCompile Include="Application\SpritePop.cpp">
      <Filter>ソース ファイル\gameObject</Filter>
    </ClCompile>
    <ClCompile Include="base\Camera.cpp">
      <Filter>ソース ファイル\base</Filter>
    </ClCompile>
    <ClCompile Include="Enemy.cpp">
      <Filter>ソース ファイル\gameObject</Filter>
    </ClCompile>
    <ClCompile Include="EnemyBullet.cpp">
      <Filter>ソース ファイル\gameObject</Filter>
    </ClCompile>
    <ClCompile Include="Particle.cpp">
      <Filter>ソース ファイル\gameObject</Filter>
    </ClCompile>
    <ClCompile Include="BulletParticle.cpp">
      <Filter>ソース ファイル</Filter>
    </ClCompile>
  </ItemGroup>
  <ItemGroup>
    <ClInclude Include="base\DirectXCommon.h">
      <Filter>ヘッダー ファイル\base</Filter>
    </ClInclude>
    <ClInclude Include="base\FPS.h">
      <Filter>ヘッダー ファイル\base</Filter>
    </ClInclude>
    <ClInclude Include="base\Input.h">
      <Filter>ヘッダー ファイル\base</Filter>
    </ClInclude>
    <ClInclude Include="base\Message.h">
      <Filter>ヘッダー ファイル\base</Filter>
    </ClInclude>
    <ClInclude Include="base\WinApp.h">
      <Filter>ヘッダー ファイル\base</Filter>
    </ClInclude>
    <ClInclude Include="base\DXInput.h">
      <Filter>ヘッダー ファイル\base</Filter>
    </ClInclude>
    <ClInclude Include="fbx\FbxLoader.h">
      <Filter>ヘッダー ファイル\base\3D\fbx</Filter>
    </ClInclude>
    <ClInclude Include="fbx\FbxModel.h">
      <Filter>ヘッダー ファイル\base\3D\fbx</Filter>
    </ClInclude>
    <ClInclude Include="fbx\FbxObject3D.h">
      <Filter>ヘッダー ファイル\base\3D\fbx</Filter>
    </ClInclude>
    <ClInclude Include="math\Math2.h">
      <Filter>ヘッダー ファイル\base\math</Filter>
    </ClInclude>
    <ClInclude Include="math\Matrix4.h">
      <Filter>ヘッダー ファイル\base\math</Filter>
    </ClInclude>
    <ClInclude Include="math\Quaternion.h">
      <Filter>ヘッダー ファイル\base\math</Filter>
    </ClInclude>
    <ClInclude Include="math\Vector3.h">
      <Filter>ヘッダー ファイル\base\math</Filter>
    </ClInclude>
    <ClInclude Include="base\Sprite.h">
      <Filter>ヘッダー ファイル\base</Filter>
    </ClInclude>
    <ClInclude Include="Application\TitleManager.h">
      <Filter>ヘッダー ファイル\gameObject</Filter>
    </ClInclude>
    <ClInclude Include="Application\RailCamera.h">
      <Filter>ヘッダー ファイル\gameObject</Filter>
    </ClInclude>
    <ClInclude Include="Application\Spline.h">
      <Filter>ヘッダー ファイル\gameObject</Filter>
    </ClInclude>
    <ClInclude Include="Application\PlayerBullet.h">
      <Filter>ヘッダー ファイル\gameObject</Filter>
    </ClInclude>
    <ClInclude Include="Application\Player.h">
      <Filter>ヘッダー ファイル\gameObject</Filter>
    </ClInclude>
    <ClInclude Include="Application\GameScene.h">
      <Filter>ヘッダー ファイル\gameObject</Filter>
    </ClInclude>
    <ClInclude Include="base\JsonLoader.h">
      <Filter>ヘッダー ファイル\base</Filter>
    </ClInclude>
    <ClInclude Include="base\ImGuiManager.h">
      <Filter>ヘッダー ファイル\base</Filter>
    </ClInclude>
    <ClInclude Include="base\CircleShadow.h">
      <Filter>ヘッダー ファイル\base</Filter>
    </ClInclude>
    <ClInclude Include="base\Camera.h">
      <Filter>ヘッダー ファイル\base</Filter>
    </ClInclude>
    <ClInclude Include="base\AudioManager.h">
      <Filter>ヘッダー ファイル\base</Filter>
    </ClInclude>
    <ClInclude Include="base\MathFunc.h">
      <Filter>ヘッダー ファイル\base\math</Filter>
    </ClInclude>
    <ClInclude Include="base\3D\Collision.h">
      <Filter>ヘッダー ファイル\base\3D</Filter>
    </ClInclude>
    <ClInclude Include="Application\SpritePop.h">
      <Filter>ヘッダー ファイル\gameObject</Filter>
    </ClInclude>
    <ClInclude Include="Enemy.h">
      <Filter>ヘッダー ファイル\gameObject</Filter>
    </ClInclude>
    <ClInclude Include="EnemyBullet.h">
      <Filter>ヘッダー ファイル\gameObject</Filter>
    </ClInclude>
    <ClInclude Include="Particle.h">
      <Filter>ヘッダー ファイル\gameObject</Filter>
    </ClInclude>
    <ClInclude Include="BulletParticle.h">
      <Filter>ヘッダー ファイル</Filter>
    </ClInclude>
  </ItemGroup>
  <ItemGroup>
    <None Include="Resources\Shaders\FbxHeader.hlsli">
      <Filter>リソース ファイル\Shaders\FbxShader</Filter>
    </None>
    <None Include="Resources\Shaders\ShaderHeader.hlsli">
      <Filter>リソース ファイル\Shaders\Shader</Filter>
    </None>
    <None Include="Resources\Shaders\SpriteHeader.hlsli">
      <Filter>リソース ファイル\Shaders\SpriteShader</Filter>
    </None>
    <None Include=".editorconfig" />
  </ItemGroup>
  <ItemGroup>
    <FxCompile Include="Resources\Shaders\FbxPixelShader.hlsl">
      <Filter>リソース ファイル\Shaders\FbxShader</Filter>
    </FxCompile>
    <FxCompile Include="Resources\Shaders\FbxVertexShader.hlsl">
      <Filter>リソース ファイル\Shaders\FbxShader</Filter>
    </FxCompile>
    <FxCompile Include="Resources\Shaders\PixelShader.hlsl">
      <Filter>リソース ファイル\Shaders\Shader</Filter>
    </FxCompile>
    <FxCompile Include="Resources\Shaders\VertexShader.hlsl">
      <Filter>リソース ファイル\Shaders\Shader</Filter>
    </FxCompile>
    <FxCompile Include="Resources\Shaders\SpritePixelShader.hlsl">
      <Filter>リソース ファイル\Shaders\SpriteShader</Filter>
    </FxCompile>
    <FxCompile Include="Resources\Shaders\SpriteVertexShader.hlsl">
      <Filter>リソース ファイル\Shaders\SpriteShader</Filter>
    </FxCompile>
  </ItemGroup>
</Project>